// !$*UTF8*$!
{
	archiveVersion = 1;
	classes = {
	};
	objectVersion = 52;
	objects = {

/* Begin PBXBuildFile section */
		C2808F8725A3893E00D979DB /* AppDelegate.swift in Sources */ = {isa = PBXBuildFile; fileRef = C2808F8625A3893E00D979DB /* AppDelegate.swift */; };
		C2808F8925A3893E00D979DB /* SceneDelegate.swift in Sources */ = {isa = PBXBuildFile; fileRef = C2808F8825A3893E00D979DB /* SceneDelegate.swift */; };
		C2808F8B25A3893E00D979DB /* RandomImageViewController.swift in Sources */ = {isa = PBXBuildFile; fileRef = C2808F8A25A3893E00D979DB /* RandomImageViewController.swift */; };
		C2808F8D25A3893E00D979DB /* GalleryViewController.swift in Sources */ = {isa = PBXBuildFile; fileRef = C2808F8C25A3893E00D979DB /* GalleryViewController.swift */; };
		C2808F9025A3893E00D979DB /* Main.storyboard in Resources */ = {isa = PBXBuildFile; fileRef = C2808F8E25A3893E00D979DB /* Main.storyboard */; };
		C2808F9225A3894300D979DB /* Assets.xcassets in Resources */ = {isa = PBXBuildFile; fileRef = C2808F9125A3894300D979DB /* Assets.xcassets */; };
		C2808F9525A3894300D979DB /* LaunchScreen.storyboard in Resources */ = {isa = PBXBuildFile; fileRef = C2808F9325A3894300D979DB /* LaunchScreen.storyboard */; };
		C2808F9E25A38ED300D979DB /* SDWebImage in Frameworks */ = {isa = PBXBuildFile; productRef = C2808F9D25A38ED300D979DB /* SDWebImage */; };
		C2808FA025A38ED300D979DB /* SDWebImageMapKit in Frameworks */ = {isa = PBXBuildFile; productRef = C2808F9F25A38ED300D979DB /* SDWebImageMapKit */; };
		C2808FA325A625E800D979DB /* DetailViewController.swift in Sources */ = {isa = PBXBuildFile; fileRef = C2808FA225A625E800D979DB /* DetailViewController.swift */; };
		C2808FA525A77BD100D979DB /* TableViewCell.swift in Sources */ = {isa = PBXBuildFile; fileRef = C2808FA425A77BD100D979DB /* TableViewCell.swift */; };
		C2808FA825A77CBC00D979DB /* Alamofire in Frameworks */ = {isa = PBXBuildFile; productRef = C2808FA725A77CBC00D979DB /* Alamofire */; };
		C2808FAA25A78B9C00D979DB /* Response.swift in Sources */ = {isa = PBXBuildFile; fileRef = C2808FA925A78B9C00D979DB /* Response.swift */; };
		C2808FAD25A78FD500D979DB /* SwiftyJSON in Frameworks */ = {isa = PBXBuildFile; productRef = C2808FAC25A78FD500D979DB /* SwiftyJSON */; };
/* End PBXBuildFile section */

/* Begin PBXFileReference section */
		C2808F8325A3893E00D979DB /* CrazyApp.app */ = {isa = PBXFileReference; explicitFileType = wrapper.application; includeInIndex = 0; path = CrazyApp.app; sourceTree = BUILT_PRODUCTS_DIR; };
		C2808F8625A3893E00D979DB /* AppDelegate.swift */ = {isa = PBXFileReference; lastKnownFileType = sourcecode.swift; path = AppDelegate.swift; sourceTree = "<group>"; };
		C2808F8825A3893E00D979DB /* SceneDelegate.swift */ = {isa = PBXFileReference; lastKnownFileType = sourcecode.swift; path = SceneDelegate.swift; sourceTree = "<group>"; };
		C2808F8A25A3893E00D979DB /* RandomImageViewController.swift */ = {isa = PBXFileReference; lastKnownFileType = sourcecode.swift; path = RandomImageViewController.swift; sourceTree = "<group>"; };
		C2808F8C25A3893E00D979DB /* GalleryViewController.swift */ = {isa = PBXFileReference; lastKnownFileType = sourcecode.swift; path = GalleryViewController.swift; sourceTree = "<group>"; };
		C2808F8F25A3893E00D979DB /* Base */ = {isa = PBXFileReference; lastKnownFileType = file.storyboard; name = Base; path = Base.lproj/Main.storyboard; sourceTree = "<group>"; };
		C2808F9125A3894300D979DB /* Assets.xcassets */ = {isa = PBXFileReference; lastKnownFileType = folder.assetcatalog; path = Assets.xcassets; sourceTree = "<group>"; };
		C2808F9425A3894300D979DB /* Base */ = {isa = PBXFileReference; lastKnownFileType = file.storyboard; name = Base; path = Base.lproj/LaunchScreen.storyboard; sourceTree = "<group>"; };
		C2808F9625A3894300D979DB /* Info.plist */ = {isa = PBXFileReference; lastKnownFileType = text.plist.xml; path = Info.plist; sourceTree = "<group>"; };
		C2808FA225A625E800D979DB /* DetailViewController.swift */ = {isa = PBXFileReference; lastKnownFileType = sourcecode.swift; path = DetailViewController.swift; sourceTree = "<group>"; };
		C2808FA425A77BD100D979DB /* TableViewCell.swift */ = {isa = PBXFileReference; lastKnownFileType = sourcecode.swift; path = TableViewCell.swift; sourceTree = "<group>"; };
		C2808FA925A78B9C00D979DB /* Response.swift */ = {isa = PBXFileReference; lastKnownFileType = sourcecode.swift; path = Response.swift; sourceTree = "<group>"; };
/* End PBXFileReference section */

/* Begin PBXFrameworksBuildPhase section */
		C2808F8025A3893E00D979DB /* Frameworks */ = {
			isa = PBXFrameworksBuildPhase;
			buildActionMask = 2147483647;
			files = (
				C2808FA825A77CBC00D979DB /* Alamofire in Frameworks */,
				C2808FA025A38ED300D979DB /* SDWebImageMapKit in Frameworks */,
				C2808FAD25A78FD500D979DB /* SwiftyJSON in Frameworks */,
				C2808F9E25A38ED300D979DB /* SDWebImage in Frameworks */,
			);
			runOnlyForDeploymentPostprocessing = 0;
		};
/* End PBXFrameworksBuildPhase section */

/* Begin PBXGroup section */
		C2808F7A25A3893E00D979DB = {
			isa = PBXGroup;
			children = (
				C2808F8525A3893E00D979DB /* CrazyApp */,
				C2808F8425A3893E00D979DB /* Products */,
			);
			sourceTree = "<group>";
		};
		C2808F8425A3893E00D979DB /* Products */ = {
			isa = PBXGroup;
			children = (
				C2808F8325A3893E00D979DB /* CrazyApp.app */,
			);
			name = Products;
			sourceTree = "<group>";
		};
		C2808F8525A3893E00D979DB /* CrazyApp */ = {
			isa = PBXGroup;
			children = (
				C2808F8625A3893E00D979DB /* AppDelegate.swift */,
				C2808F8825A3893E00D979DB /* SceneDelegate.swift */,
				C2808F8A25A3893E00D979DB /* RandomImageViewController.swift */,
				C2808F8C25A3893E00D979DB /* GalleryViewController.swift */,
				C2808FA225A625E800D979DB /* DetailViewController.swift */,
				C2808F8E25A3893E00D979DB /* Main.storyboard */,
				C2808F9125A3894300D979DB /* Assets.xcassets */,
				C2808F9325A3894300D979DB /* LaunchScreen.storyboard */,
				C2808F9625A3894300D979DB /* Info.plist */,
				C2808FA425A77BD100D979DB /* TableViewCell.swift */,
				C2808FA925A78B9C00D979DB /* Response.swift */,
			);
			path = CrazyApp;
			sourceTree = "<group>";
		};
/* End PBXGroup section */

/* Begin PBXNativeTarget section */
		C2808F8225A3893E00D979DB /* CrazyApp */ = {
			isa = PBXNativeTarget;
			buildConfigurationList = C2808F9925A3894300D979DB /* Build configuration list for PBXNativeTarget "CrazyApp" */;
			buildPhases = (
				C2808F7F25A3893E00D979DB /* Sources */,
				C2808F8025A3893E00D979DB /* Frameworks */,
				C2808F8125A3893E00D979DB /* Resources */,
			);
			buildRules = (
			);
			dependencies = (
			);
			name = CrazyApp;
			packageProductDependencies = (
				C2808F9D25A38ED300D979DB /* SDWebImage */,
				C2808F9F25A38ED300D979DB /* SDWebImageMapKit */,
				C2808FA725A77CBC00D979DB /* Alamofire */,
				C2808FAC25A78FD500D979DB /* SwiftyJSON */,
			);
			productName = CrazyApp;
			productReference = C2808F8325A3893E00D979DB /* CrazyApp.app */;
			productType = "com.apple.product-type.application";
		};
/* End PBXNativeTarget section */

/* Begin PBXProject section */
		C2808F7B25A3893E00D979DB /* Project object */ = {
			isa = PBXProject;
			attributes = {
				LastSwiftUpdateCheck = 1170;
				LastUpgradeCheck = 1170;
				ORGANIZATIONNAME = "Sooi De Pauw";
				TargetAttributes = {
					C2808F8225A3893E00D979DB = {
						CreatedOnToolsVersion = 11.7;
					};
				};
			};
			buildConfigurationList = C2808F7E25A3893E00D979DB /* Build configuration list for PBXProject "CrazyApp" */;
			compatibilityVersion = "Xcode 9.3";
			developmentRegion = en;
			hasScannedForEncodings = 0;
			knownRegions = (
				en,
				Base,
			);
			mainGroup = C2808F7A25A3893E00D979DB;
			packageReferences = (
				C2808F9C25A38ED300D979DB /* XCRemoteSwiftPackageReference "SDWebImage" */,
				C2808FA625A77CBC00D979DB /* XCRemoteSwiftPackageReference "Alamofire" */,
				C2808FAB25A78FD500D979DB /* XCRemoteSwiftPackageReference "SwiftyJSON" */,
			);
			productRefGroup = C2808F8425A3893E00D979DB /* Products */;
			projectDirPath = "";
			projectRoot = "";
			targets = (
				C2808F8225A3893E00D979DB /* CrazyApp */,
			);
		};
/* End PBXProject section */

/* Begin PBXResourcesBuildPhase section */
		C2808F8125A3893E00D979DB /* Resources */ = {
			isa = PBXResourcesBuildPhase;
			buildActionMask = 2147483647;
			files = (
				C2808F9525A3894300D979DB /* LaunchScreen.storyboard in Resources */,
				C2808F9225A3894300D979DB /* Assets.xcassets in Resources */,
				C2808F9025A3893E00D979DB /* Main.storyboard in Resources */,
			);
			runOnlyForDeploymentPostprocessing = 0;
		};
/* End PBXResourcesBuildPhase section */

/* Begin PBXSourcesBuildPhase section */
		C2808F7F25A3893E00D979DB /* Sources */ = {
			isa = PBXSourcesBuildPhase;
			buildActionMask = 2147483647;
			files = (
				C2808F8D25A3893E00D979DB /* GalleryViewController.swift in Sources */,
				C2808F8B25A3893E00D979DB /* RandomImageViewController.swift in Sources */,
				C2808FA325A625E800D979DB /* DetailViewController.swift in Sources */,
				C2808FA525A77BD100D979DB /* TableViewCell.swift in Sources */,
				C2808F8725A3893E00D979DB /* AppDelegate.swift in Sources */,
				C2808F8925A3893E00D979DB /* SceneDelegate.swift in Sources */,
				C2808FAA25A78B9C00D979DB /* Response.swift in Sources */,
			);
			runOnlyForDeploymentPostprocessing = 0;
		};
/* End PBXSourcesBuildPhase section */

/* Begin PBXVariantGroup section */
		C2808F8E25A3893E00D979DB /* Main.storyboard */ = {
			isa = PBXVariantGroup;
			children = (
				C2808F8F25A3893E00D979DB /* Base */,
			);
			name = Main.storyboard;
			sourceTree = "<group>";
		};
		C2808F9325A3894300D979DB /* LaunchScreen.storyboard */ = {
			isa = PBXVariantGroup;
			children = (
				C2808F9425A3894300D979DB /* Base */,
			);
			name = LaunchScreen.storyboard;
			sourceTree = "<group>";
		};
/* End PBXVariantGroup section */

/* Begin XCBuildConfiguration section */
		C2808F9725A3894300D979DB /* Debug */ = {
			isa = XCBuildConfiguration;
			buildSettings = {
				ALWAYS_SEARCH_USER_PATHS = NO;
				CLANG_ANALYZER_NONNULL = YES;
				CLANG_ANALYZER_NUMBER_OBJECT_CONVERSION = YES_AGGRESSIVE;
				CLANG_CXX_LANGUAGE_STANDARD = "gnu++14";
				CLANG_CXX_LIBRARY = "libc++";
				CLANG_ENABLE_MODULES = YES;
				CLANG_ENABLE_OBJC_ARC = YES;
				CLANG_ENABLE_OBJC_WEAK = YES;
				CLANG_WARN_BLOCK_CAPTURE_AUTORELEASING = YES;
				CLANG_WARN_BOOL_CONVERSION = YES;
				CLANG_WARN_COMMA = YES;
				CLANG_WARN_CONSTANT_CONVERSION = YES;
				CLANG_WARN_DEPRECATED_OBJC_IMPLEMENTATIONS = YES;
				CLANG_WARN_DIRECT_OBJC_ISA_USAGE = YES_ERROR;
				CLANG_WARN_DOCUMENTATION_COMMENTS = YES;
				CLANG_WARN_EMPTY_BODY = YES;
				CLANG_WARN_ENUM_CONVERSION = YES;
				CLANG_WARN_INFINITE_RECURSION = YES;
				CLANG_WARN_INT_CONVERSION = YES;
				CLANG_WARN_NON_LITERAL_NULL_CONVERSION = YES;
				CLANG_WARN_OBJC_IMPLICIT_RETAIN_SELF = YES;
				CLANG_WARN_OBJC_LITERAL_CONVERSION = YES;
				CLANG_WARN_OBJC_ROOT_CLASS = YES_ERROR;
				CLANG_WARN_RANGE_LOOP_ANALYSIS = YES;
				CLANG_WARN_STRICT_PROTOTYPES = YES;
				CLANG_WARN_SUSPICIOUS_MOVE = YES;
				CLANG_WARN_UNGUARDED_AVAILABILITY = YES_AGGRESSIVE;
				CLANG_WARN_UNREACHABLE_CODE = YES;
				CLANG_WARN__DUPLICATE_METHOD_MATCH = YES;
				COPY_PHASE_STRIP = NO;
				DEBUG_INFORMATION_FORMAT = dwarf;
				ENABLE_STRICT_OBJC_MSGSEND = YES;
				ENABLE_TESTABILITY = YES;
				GCC_C_LANGUAGE_STANDARD = gnu11;
				GCC_DYNAMIC_NO_PIC = NO;
				GCC_NO_COMMON_BLOCKS = YES;
				GCC_OPTIMIZATION_LEVEL = 0;
				GCC_PREPROCESSOR_DEFINITIONS = (
					"DEBUG=1",
					"$(inherited)",
				);
				GCC_WARN_64_TO_32_BIT_CONVERSION = YES;
				GCC_WARN_ABOUT_RETURN_TYPE = YES_ERROR;
				GCC_WARN_UNDECLARED_SELECTOR = YES;
				GCC_WARN_UNINITIALIZED_AUTOS = YES_AGGRESSIVE;
				GCC_WARN_UNUSED_FUNCTION = YES;
				GCC_WARN_UNUSED_VARIABLE = YES;
				IPHONEOS_DEPLOYMENT_TARGET = 13.7;
				MTL_ENABLE_DEBUG_INFO = INCLUDE_SOURCE;
				MTL_FAST_MATH = YES;
				ONLY_ACTIVE_ARCH = YES;
				SDKROOT = iphoneos;
				SWIFT_ACTIVE_COMPILATION_CONDITIONS = DEBUG;
				SWIFT_OPTIMIZATION_LEVEL = "-Onone";
			};
			name = Debug;
		};
		C2808F9825A3894300D979DB /* Release */ = {
			isa = XCBuildConfiguration;
			buildSettings = {
				ALWAYS_SEARCH_USER_PATHS = NO;
				CLANG_ANALYZER_NONNULL = YES;
				CLANG_ANALYZER_NUMBER_OBJECT_CONVERSION = YES_AGGRESSIVE;
				CLANG_CXX_LANGUAGE_STANDARD = "gnu++14";
				CLANG_CXX_LIBRARY = "libc++";
				CLANG_ENABLE_MODULES = YES;
				CLANG_ENABLE_OBJC_ARC = YES;
				CLANG_ENABLE_OBJC_WEAK = YES;
				CLANG_WARN_BLOCK_CAPTURE_AUTORELEASING = YES;
				CLANG_WARN_BOOL_CONVERSION = YES;
				CLANG_WARN_COMMA = YES;
				CLANG_WARN_CONSTANT_CONVERSION = YES;
				CLANG_WARN_DEPRECATED_OBJC_IMPLEMENTATIONS = YES;
				CLANG_WARN_DIRECT_OBJC_ISA_USAGE = YES_ERROR;
				CLANG_WARN_DOCUMENTATION_COMMENTS = YES;
				CLANG_WARN_EMPTY_BODY = YES;
				CLANG_WARN_ENUM_CONVERSION = YES;
				CLANG_WARN_INFINITE_RECURSION = YES;
				CLANG_WARN_INT_CONVERSION = YES;
				CLANG_WARN_NON_LITERAL_NULL_CONVERSION = YES;
				CLANG_WARN_OBJC_IMPLICIT_RETAIN_SELF = YES;
				CLANG_WARN_OBJC_LITERAL_CONVERSION = YES;
				CLANG_WARN_OBJC_ROOT_CLASS = YES_ERROR;
				CLANG_WARN_RANGE_LOOP_ANALYSIS = YES;
				CLANG_WARN_STRICT_PROTOTYPES = YES;
				CLANG_WARN_SUSPICIOUS_MOVE = YES;
				CLANG_WARN_UNGUARDED_AVAILABILITY = YES_AGGRESSIVE;
				CLANG_WARN_UNREACHABLE_CODE = YES;
				CLANG_WARN__DUPLICATE_METHOD_MATCH = YES;
				COPY_PHASE_STRIP = NO;
				DEBUG_INFORMATION_FORMAT = "dwarf-with-dsym";
				ENABLE_NS_ASSERTIONS = NO;
				ENABLE_STRICT_OBJC_MSGSEND = YES;
				GCC_C_LANGUAGE_STANDARD = gnu11;
				GCC_NO_COMMON_BLOCKS = YES;
				GCC_WARN_64_TO_32_BIT_CONVERSION = YES;
				GCC_WARN_ABOUT_RETURN_TYPE = YES_ERROR;
				GCC_WARN_UNDECLARED_SELECTOR = YES;
				GCC_WARN_UNINITIALIZED_AUTOS = YES_AGGRESSIVE;
				GCC_WARN_UNUSED_FUNCTION = YES;
				GCC_WARN_UNUSED_VARIABLE = YES;
				IPHONEOS_DEPLOYMENT_TARGET = 13.7;
				MTL_ENABLE_DEBUG_INFO = NO;
				MTL_FAST_MATH = YES;
				SDKROOT = iphoneos;
				SWIFT_COMPILATION_MODE = wholemodule;
				SWIFT_OPTIMIZATION_LEVEL = "-O";
				VALIDATE_PRODUCT = YES;
			};
			name = Release;
		};
		C2808F9A25A3894300D979DB /* Debug */ = {
			isa = XCBuildConfiguration;
			buildSettings = {
				ASSETCATALOG_COMPILER_APPICON_NAME = AppIcon;
				CODE_SIGN_STYLE = Automatic;
				DEVELOPMENT_TEAM = P9J4S989CQ;
				INFOPLIST_FILE = CrazyApp/Info.plist;
				LD_RUNPATH_SEARCH_PATHS = (
					"$(inherited)",
					"@executable_path/Frameworks",
				);
				PRODUCT_BUNDLE_IDENTIFIER = tes.CrazyApp;
				PRODUCT_NAME = "$(TARGET_NAME)";
				SWIFT_VERSION = 5.0;
				TARGETED_DEVICE_FAMILY = "1,2";
			};
			name = Debug;
		};
		C2808F9B25A3894300D979DB /* Release */ = {
			isa = XCBuildConfiguration;
			buildSettings = {
				ASSETCATALOG_COMPILER_APPICON_NAME = AppIcon;
				CODE_SIGN_STYLE = Automatic;
				DEVELOPMENT_TEAM = P9J4S989CQ;
				INFOPLIST_FILE = CrazyApp/Info.plist;
				LD_RUNPATH_SEARCH_PATHS = (
					"$(inherited)",
					"@executable_path/Frameworks",
				);
				PRODUCT_BUNDLE_IDENTIFIER = tes.CrazyApp;
				PRODUCT_NAME = "$(TARGET_NAME)";
				SWIFT_VERSION = 5.0;
				TARGETED_DEVICE_FAMILY = "1,2";
			};
			name = Release;
		};
/* End XCBuildConfiguration section */

/* Begin XCConfigurationList section */
		C2808F7E25A3893E00D979DB /* Build configuration list for PBXProject "CrazyApp" */ = {
			isa = XCConfigurationList;
			buildConfigurations = (
				C2808F9725A3894300D979DB /* Debug */,
				C2808F9825A3894300D979DB /* Release */,
			);
			defaultConfigurationIsVisible = 0;
			defaultConfigurationName = Release;
		};
		C2808F9925A3894300D979DB /* Build configuration list for PBXNativeTarget "CrazyApp" */ = {
			isa = XCConfigurationList;
			buildConfigurations = (
				C2808F9A25A3894300D979DB /* Debug */,
				C2808F9B25A3894300D979DB /* Release */,
			);
			defaultConfigurationIsVisible = 0;
			defaultConfigurationName = Release;
		};
/* End XCConfigurationList section */

/* Begin XCRemoteSwiftPackageReference section */
		C2808F9C25A38ED300D979DB /* XCRemoteSwiftPackageReference "SDWebImage" */ = {
			isa = XCRemoteSwiftPackageReference;
			repositoryURL = "https://github.com/SDWebImage/SDWebImage";
			requirement = {
				kind = upToNextMajorVersion;
				minimumVersion = 5.10.2;
			};
		};
		C2808FA625A77CBC00D979DB /* XCRemoteSwiftPackageReference "Alamofire" */ = {
			isa = XCRemoteSwiftPackageReference;
			repositoryURL = "https://github.com/Alamofire/Alamofire.git";
			requirement = {
				kind = upToNextMajorVersion;
				minimumVersion = 5.4.1;
			};
		};
		C2808FAB25A78FD500D979DB /* XCRemoteSwiftPackageReference "SwiftyJSON" */ = {
			isa = XCRemoteSwiftPackageReference;
			repositoryURL = "https://github.com/SwiftyJSON/SwiftyJSON";
			requirement = {
				kind = upToNextMajorVersion;
				minimumVersion = 5.0.0;
			};
		};
/* End XCRemoteSwiftPackageReference section */

/* Begin XCSwiftPackageProductDependency section */
		C2808F9D25A38ED300D979DB /* SDWebImage */ = {
			isa = XCSwiftPackageProductDependency;
			package = C2808F9C25A38ED300D979DB /* XCRemoteSwiftPackageReference "SDWebImage" */;
			productName = SDWebImage;
		};
		C2808F9F25A38ED300D979DB /* SDWebImageMapKit */ = {
			isa = XCSwiftPackageProductDependency;
			package = C2808F9C25A38ED300D979DB /* XCRemoteSwiftPackageReference "SDWebImage" */;
			productName = SDWebImageMapKit;
		};
		C2808FA725A77CBC00D979DB /* Alamofire */ = {
			isa = XCSwiftPackageProductDependency;
			package = C2808FA625A77CBC00D979DB /* XCRemoteSwiftPackageReference "Alamofire" */;
			productName = Alamofire;
		};
		C2808FAC25A78FD500D979DB /* SwiftyJSON */ = {
			isa = XCSwiftPackageProductDependency;
			package = C2808FAB25A78FD500D979DB /* XCRemoteSwiftPackageReference "SwiftyJSON" */;
			productName = SwiftyJSON;
		};
/* End XCSwiftPackageProductDependency section */
	};
	rootObject = C2808F7B25A3893E00D979DB /* Project object */;
}
